{
  "name": "JSON Schema compliance suite",
  "lockfileVersion": 3,
  "requires": true,
  "packages": {
    "": {
      "name": "JSON Schema compliance suite",
      "devDependencies": {
        "@ark/json-schema": "0.0.7",
        "@cfworker/json-schema": "4.1.1",
        "@types/node": "26.2.0",
        "ajv": "8.20.0",
        "ajv-formats": "3.0.1",
        "arktype": "2.2.3",
        "ata-validator": "1.6.2",
        "djv": "2.1.4",
        "jsonschema": "1.5.0",
        "sury": "11.0.0-rc.2",
        "typebox": "1.3.17",
        "z-schema": "12.4.3",
        "zod": "4.4.3"
      }
    },
    "node_modules/@ark/json-schema": {
      "version": "0.0.7",
      "resolved": "https://registry.npmjs.org/@ark/json-schema/-/json-schema-0.0.7.tgz",
      "integrity": "sha512-i4EKdx3Ymu84hEvOR3n5YVOAo8xDNXCBb0sLqXSbFBotExZ3uiBCkQmfoVtLZjqC+p8OlrBNkKdESmpgguLZFg==",
      "dev": true,
      "license": "MIT",
      "dependencies": {
        "@ark/schema": "0.56.2",
        "@ark/util": "0.56.2",
        "arktype": "2.2.3"
      }
    },
    "node_modules/@ark/schema": {
      "version": "0.56.2",
      "resolved": "https://registry.npmjs.org/@ark/schema/-/schema-0.56.2.tgz",
      "integrity": "sha512-Qx4D2JFbBWpntiHZaTv7bGG4H/M2rigiknezKg/WVyDSaLdE4YCcWAOoFB7pjjDqHbbV2OqRfntm1nnXvwMexg==",
      "dev": true,
      "license": "MIT",
      "dependencies": {
        "@ark/util": "0.56.2"
      }
    },
    "node_modules/@ark/util": {
      "version": "0.56.2",
      "resolved": "https://registry.npmjs.org/@ark/util/-/util-0.56.2.tgz",
      "integrity": "sha512-9kU2sUE38FZEGG7l3hamYMBieLYEJh2L1mrYD2eXpT+78EnQSV1bhjxJhnxGBMSTbtwpBSDNSK+K60WvaI/DTQ==",
      "dev": true,
      "license": "MIT"
    },
    "node_modules/@ata-validator/native-darwin-arm64": {
      "version": "1.6.2",
      "resolved": "https://registry.npmjs.org/@ata-validator/native-darwin-arm64/-/native-darwin-arm64-1.6.2.tgz",
      "integrity": "sha512-ZTzikNt1JW7nbmoB2MCEFdt911aniCgl+mzUTm9CqsyAQhFFEcoG34y+k1YuRBED5t93fwzHkQBgxZY4+dOPIQ==",
      "cpu": [
        "arm64"
      ],
      "dev": true,
      "license": "MIT",
      "optional": true,
      "os": [
        "darwin"
      ]
    },
    "node_modules/@ata-validator/native-linux-arm64-gnu": {
      "version": "1.6.2",
      "resolved": "https://registry.npmjs.org/@ata-validator/native-linux-arm64-gnu/-/native-linux-arm64-gnu-1.6.2.tgz",
      "integrity": "sha512-fBzagvWmji7DK3n6+V6RolfN6zmdHw+H9xV26nxgLd+BMXdLvPQ6h+01XpDCF5fT05iwGRR9kHmTRL0w6Et6VQ==",
      "cpu": [
        "arm64"
      ],
      "dev": true,
      "libc": [
        "glibc"
      ],
      "license": "MIT",
      "optional": true,
      "os": [
        "linux"
      ]
    },
    "node_modules/@ata-validator/native-linux-arm64-musl": {
      "version": "1.6.2",
      "resolved": "https://registry.npmjs.org/@ata-validator/native-linux-arm64-musl/-/native-linux-arm64-musl-1.6.2.tgz",
      "integrity": "sha512-NqIIAnSOYw308bjO9F0jzFwgf0aLf7AVHkP5J8BZLw79Xj6/ewizj9Rh3s5DVUdyiO2ECOtCt0CC/I6+w3QV5g==",
      "cpu": [
        "arm64"
      ],
      "dev": true,
      "libc": [
        "musl"
      ],
      "license": "MIT",
      "optional": true,
      "os": [
        "linux"
      ]
    },
    "node_modules/@ata-validator/native-linux-x64-gnu": {
      "version": "1.6.2",
      "resolved": "https://registry.npmjs.org/@ata-validator/native-linux-x64-gnu/-/native-linux-x64-gnu-1.6.2.tgz",
      "integrity": "sha512-JnnM1pNRVxL+NjGYP+38jGEh+zabSAG4x7HbdTDvnGyvW6IsT+SUs+NkNS0NuB0fdiQxw+oSUUkvxvzoenEIZg==",
      "cpu": [
        "x64"
      ],
      "dev": true,
      "libc": [
        "glibc"
      ],
      "license": "MIT",
      "optional": true,
      "os": [
        "linux"
      ]
    },
    "node_modules/@ata-validator/native-linux-x64-musl": {
      "version": "1.6.2",
      "resolved": "https://registry.npmjs.org/@ata-validator/native-linux-x64-musl/-/native-linux-x64-musl-1.6.2.tgz",
      "integrity": "sha512-g0Nns3cGNibq3nl7iGFf9V11zCti/6XQBiT1oLjKbbjKp8PgW4lr0aa8T5+fKP7gWHQGoORSwhHwSem0na/UWA==",
      "cpu": [
        "x64"
      ],
      "dev": true,
      "libc": [
        "musl"
      ],
      "license": "MIT",
      "optional": true,
      "os": [
        "linux"
      ]
    },
    "node_modules/@ata-validator/native-win32-x64": {
      "version": "1.6.2",
      "resolved": "https://registry.npmjs.org/@ata-validator/native-win32-x64/-/native-win32-x64-1.6.2.tgz",
      "integrity": "sha512-SX0rNY8xKA4mjZRhN5UZRd9LCP5SLF5lb3JRiD4CLN54ETzubJgijbaUC8aXeG9TUM+XwgbD7P5CL7fd+G3Rag==",
      "cpu": [
        "x64"
      ],
      "dev": true,
      "license": "MIT",
      "optional": true,
      "os": [
        "win32"
      ]
    },
    "node_modules/@cfworker/json-schema": {
      "version": "4.1.1",
      "resolved": "https://registry.npmjs.org/@cfworker/json-schema/-/json-schema-4.1.1.tgz",
      "integrity": "sha512-gAmrUZSGtKc3AiBL71iNWxDsyUC5uMaKKGdvzYsBoTW/xi42JQHl7eKV2OYzCUqvc+D2RCcf7EXY2iCyFIk6og==",
      "dev": true,
      "license": "MIT"
    },
    "node_modules/@korzio/djv-draft-04": {
      "version": "2.0.1",
      "resolved": "https://registry.npmjs.org/@korzio/djv-draft-04/-/djv-draft-04-2.0.1.tgz",
      "integrity": "sha512-MeTVcNsfCIYxK6T7jW1sroC7dBAb4IfLmQe6RoCqlxHN5NFkzNpgdnBPR+/0D2wJDUJHM9s9NQv+ouhxKjvUjg==",
      "dev": true,
      "license": "MIT",
      "optional": true
    },
    "node_modules/@types/node": {
      "version": "26.2.0",
      "resolved": "https://registry.npmjs.org/@types/node/-/node-26.2.0.tgz",
      "integrity": "sha512-5IviulTZeRNp2vAJ514cc/HUlY5nZ9fCbq9DMyC52BrhFZACo3nI0R7qBxhQmo/d27NFe96ur/b7Wwxklda+kg==",
      "dev": true,
      "license": "MIT",
      "dependencies": {
        "undici-types": "~8.3.0"
      }
    },
    "node_modules/ajv": {
      "version": "8.20.0",
      "resolved": "https://registry.npmjs.org/ajv/-/ajv-8.20.0.tgz",
      "integrity": "sha512-Thbli+OlOj+iMPYFBVBfJ3OmCAnaSyNn4M1vz9T6Gka5Jt9ba/HIR56joy65tY6kx/FCF5VXNB819Y7/GUrBGA==",
      "dev": true,
      "license": "MIT",
      "dependencies": {
        "fast-deep-equal": "^3.1.3",
        "fast-uri": "^3.0.1",
        "json-schema-traverse": "^1.0.0",
        "require-from-string": "^2.0.2"
      },
      "funding": {
        "type": "github",
        "url": "https://github.com/sponsors/epoberezkin"
      }
    },
    "node_modules/ajv-formats": {
      "version": "3.0.1",
      "resolved": "https://registry.npmjs.org/ajv-formats/-/ajv-formats-3.0.1.tgz",
      "integrity": "sha512-8iUql50EUR+uUcdRQ3HDqa6EVyo3docL8g5WJ3FNcWmu62IbkGUue/pEyLBW8VGKKucTPgqeks4fIU1DA4yowQ==",
      "dev": true,
      "license": "MIT",
      "dependencies": {
        "ajv": "^8.0.0"
      },
      "peerDependencies": {
        "ajv": "^8.0.0"
      },
      "peerDependenciesMeta": {
        "ajv": {
          "optional": true
        }
      }
    },
    "node_modules/arkregex": {
      "version": "0.0.8",
      "resolved": "https://registry.npmjs.org/arkregex/-/arkregex-0.0.8.tgz",
      "integrity": "sha512-PJcx6G1kQTgLKPUbeYlYecDRaKq15AMSGVajlKFYWlPeJRQL+j3dKE6tyMs40HZ99djS1l9Vhl3ezAHy9JBIqQ==",
      "dev": true,
      "license": "MIT",
      "dependencies": {
        "@ark/util": "0.56.2"
      }
    },
    "node_modules/arktype": {
      "version": "2.2.3",
      "resolved": "https://registry.npmjs.org/arktype/-/arktype-2.2.3.tgz",
      "integrity": "sha512-7W+0RLTUNJiBFIIZXwOQxSR8Z273IAd6IvqBeG9+gHnQKFsIx2C0iOtGTmMrPnlX4qLXyc5+ll7A0BIj9WrbTg==",
      "dev": true,
      "license": "MIT",
      "dependencies": {
        "@ark/schema": "0.56.2",
        "@ark/util": "0.56.2",
        "arkregex": "0.0.8"
      }
    },
    "node_modules/ata-validator": {
      "version": "1.6.2",
      "resolved": "https://registry.npmjs.org/ata-validator/-/ata-validator-1.6.2.tgz",
      "integrity": "sha512-fAk6tGGcptZA2DRK8pii98bSeCdUC4w4+oj44yLS+vg8SonmfT4ppD3gEuqmxW29XMAcYNwAk3eueGGsTJ+SLA==",
      "dev": true,
      "license": "MIT",
      "bin": {
        "ata": "bin/ata.js"
      },
      "engines": {
        "node": ">=20.0.0"
      },
      "optionalDependencies": {
        "@ata-validator/native-darwin-arm64": "1.6.2",
        "@ata-validator/native-linux-arm64-gnu": "1.6.2",
        "@ata-validator/native-linux-arm64-musl": "1.6.2",
        "@ata-validator/native-linux-x64-gnu": "1.6.2",
        "@ata-validator/native-linux-x64-musl": "1.6.2",
        "@ata-validator/native-win32-x64": "1.6.2"
      },
      "peerDependencies": {
        "yaml": "^2.0.0"
      },
      "peerDependenciesMeta": {
        "yaml": {
          "optional": true
        }
      }
    },
    "node_modules/commander": {
      "version": "15.0.0",
      "resolved": "https://registry.npmjs.org/commander/-/commander-15.0.0.tgz",
      "integrity": "sha512-z67u4ZhzCL/Tydu1lJARtEZYWbWaN7oYLHbsuzocr6y4N6WZAagG3RQ4FW61V1/0+jImpj293XfrcYnd1qxtPg==",
      "dev": true,
      "license": "MIT",
      "optional": true,
      "engines": {
        "node": ">=22.12.0"
      }
    },
    "node_modules/djv": {
      "version": "2.1.4",
      "resolved": "https://registry.npmjs.org/djv/-/djv-2.1.4.tgz",
      "integrity": "sha512-giDn+BVbtLlwtkvtcsZjbjzpALHB77skiv3FIu6Wp8b5j8BunDcVJYH0cGUaexp6s0Sb7IkquXXjsLBJhXwQpA==",
      "dev": true,
      "license": "MIT",
      "optionalDependencies": {
        "@korzio/djv-draft-04": "^2.0.1"
      }
    },
    "node_modules/fast-deep-equal": {
      "version": "3.1.3",
      "resolved": "https://registry.npmjs.org/fast-deep-equal/-/fast-deep-equal-3.1.3.tgz",
      "integrity": "sha512-f3qQ9oQy9j2AhBe/H9VC91wLmKBCCU/gDOnKNAYG5hswO7BLKj09Hc5HYNz9cGI++xlpDCIgDaitVs03ATR84Q==",
      "dev": true,
      "license": "MIT"
    },
    "node_modules/fast-uri": {
      "version": "3.1.5",
      "resolved": "https://registry.npmjs.org/fast-uri/-/fast-uri-3.1.5.tgz",
      "integrity": "sha512-gHwA1O9LDIcKunMKhObS/HimwtehO1nPUECKAu5TpKgaO19fcWEl4bliWe1jWxVFvIXztJjjQ4L8XQ1EU9f7Jw==",
      "dev": true,
      "funding": [
        {
          "type": "github",
          "url": "https://github.com/sponsors/fastify"
        },
        {
          "type": "opencollective",
          "url": "https://opencollective.com/fastify"
        }
      ],
      "license": "BSD-3-Clause"
    },
    "node_modules/json-schema-traverse": {
      "version": "1.0.0",
      "resolved": "https://registry.npmjs.org/json-schema-traverse/-/json-schema-traverse-1.0.0.tgz",
      "integrity": "sha512-NM8/P9n3XjXhIZn1lLhkFaACTOURQXjWhV4BA/RnOv8xvgqtqpAX9IO4mRQxSx1Rlo4tqzeqb0sOlruaOy3dug==",
      "dev": true,
      "license": "MIT"
    },
    "node_modules/jsonschema": {
      "version": "1.5.0",
      "resolved": "https://registry.npmjs.org/jsonschema/-/jsonschema-1.5.0.tgz",
      "integrity": "sha512-K+A9hhqbn0f3pJX17Q/7H6yQfD/5OXgdrR5UE12gMXCiN9D5Xq2o5mddV2QEcX/bjla99ASsAAQUyMCCRWAEhw==",
      "dev": true,
      "license": "MIT",
      "engines": {
        "node": "*"
      }
    },
    "node_modules/punycode": {
      "version": "2.3.1",
      "resolved": "https://registry.npmjs.org/punycode/-/punycode-2.3.1.tgz",
      "integrity": "sha512-vYt7UD1U9Wg6138shLtLOvdAu+8DsC/ilFtEVHcH+wydcSpNE20AfSOduf6MkRFahL5FY7X1oU7nKVZFtfq8Fg==",
      "dev": true,
      "license": "MIT",
      "engines": {
        "node": ">=6"
      }
    },
    "node_modules/require-from-string": {
      "version": "2.0.2",
      "resolved": "https://registry.npmjs.org/require-from-string/-/require-from-string-2.0.2.tgz",
      "integrity": "sha512-Xf0nWe6RseziFMu+Ap9biiUbmplq6S9/p+7w7YXP/JBHhrUDDUhwa+vANyubuqfZWTveU//DYVGsDG7RKL/vEw==",
      "dev": true,
      "license": "MIT",
      "engines": {
        "node": ">=0.10.0"
      }
    },
    "node_modules/ret": {
      "version": "0.5.0",
      "resolved": "https://registry.npmjs.org/ret/-/ret-0.5.0.tgz",
      "integrity": "sha512-I1XxrZSQ+oErkRR4jYbAyEEu2I0avBvvMM5JN+6EBprOGRCs63ENqZ3vjavq8fBw2+62G5LF5XelKwuJpcvcxw==",
      "dev": true,
      "license": "MIT",
      "engines": {
        "node": ">=10"
      }
    },
    "node_modules/safe-regex2": {
      "version": "5.1.1",
      "resolved": "https://registry.npmjs.org/safe-regex2/-/safe-regex2-5.1.1.tgz",
      "integrity": "sha512-mOSBvHGDZMuIEZMdOz/aCEYDCv0E7nfcNsIhUF+/P+xC7Hyf3FkvymqgPbg9D1EdSGu+uKbJgy09K/RKKc7kJA==",
      "dev": true,
      "funding": [
        {
          "type": "github",
          "url": "https://github.com/sponsors/fastify"
        },
        {
          "type": "opencollective",
          "url": "https://opencollective.com/fastify"
        }
      ],
      "license": "MIT",
      "dependencies": {
        "ret": "~0.5.0"
      },
      "bin": {
        "safe-regex2": "bin/safe-regex2.js"
      }
    },
    "node_modules/sury": {
      "version": "11.0.0-rc.2",
      "resolved": "https://registry.npmjs.org/sury/-/sury-11.0.0-rc.2.tgz",
      "integrity": "sha512-2sibppQ43Al/AxcXzOg/XorS5QDsQUO1FNnDFp88U+OVPyFg8DX7IUwWoWZeloaz5L7lDY8KFhGHptyFFklc4g==",
      "dev": true,
      "license": "MIT",
      "peerDependencies": {
        "rescript": "12.x"
      },
      "peerDependenciesMeta": {
        "rescript": {
          "optional": true
        }
      }
    },
    "node_modules/typebox": {
      "version": "1.3.17",
      "resolved": "https://registry.npmjs.org/typebox/-/typebox-1.3.17.tgz",
      "integrity": "sha512-20PsSaZV1pN7pIfM/YEUHZNTv8X21+1ilPo/HN+6GtFbhCaQhLrIoKCkAkcBwIva3nYI+Ao0MxM1iDj5H3SOhw==",
      "dev": true,
      "license": "MIT"
    },
    "node_modules/undici-types": {
      "version": "8.3.0",
      "resolved": "https://registry.npmjs.org/undici-types/-/undici-types-8.3.0.tgz",
      "integrity": "sha512-j375ScV60dom+YkPFIfTLcOiPxkN/buHz5GobjLhixFuANaNs3C9l4GmrWqejgXWJ7BbJcFYpTEUkS1Ge8bpZQ==",
      "dev": true,
      "license": "MIT"
    },
    "node_modules/validator": {
      "version": "13.15.35",
      "resolved": "https://registry.npmjs.org/validator/-/validator-13.15.35.tgz",
      "integrity": "sha512-TQ5pAGhd5whStmqWvYF4OjQROlmv9SMFVt37qoCBdqRffuuklWYQlCNnEs2ZaIBD1kZRNnikiZOS1eqgkar0iw==",
      "dev": true,
      "license": "MIT",
      "engines": {
        "node": ">= 0.10"
      }
    },
    "node_modules/z-schema": {
      "version": "12.4.3",
      "resolved": "https://registry.npmjs.org/z-schema/-/z-schema-12.4.3.tgz",
      "integrity": "sha512-wj6gyTRLL1gP36Zg0wUsr4FiyoijlzEmRUToOIYndyv0U83FUX3k1Wv6sAE2vWB7dPUgP/F7BiDKlXA3VfWQuQ==",
      "dev": true,
      "license": "MIT",
      "dependencies": {
        "punycode": "^2.3.1",
        "safe-regex2": "^5.1.0",
        "validator": "^13.15.26"
      },
      "bin": {
        "z-schema": "bin/z-schema"
      },
      "engines": {
        "node": ">=22.0.0"
      },
      "optionalDependencies": {
        "commander": "^15.0.0"
      }
    },
    "node_modules/zod": {
      "version": "4.4.3",
      "resolved": "https://registry.npmjs.org/zod/-/zod-4.4.3.tgz",
      "integrity": "sha512-ytENFjIJFl2UwYglde2jchW2Hwm4GJFLDiSXWdTrJQBIN9Fcyp7n4DhxJEiWNAJMV1/BqWfW/kkg71UDcHJyTQ==",
      "dev": true,
      "license": "MIT",
      "funding": {
        "url": "https://github.com/sponsors/colinhacks"
      }
    }
  }
}
